
Microsoft Visual Studio Solution File, Format Version 12.00
# Visual Studio Version 17
VisualStudioVersion = 17.1.32210.238
MinimumVisualStudioVersion = 10.0.40219.1
Project("{FAE04EC0-301F-11D3-BF4B-00C04F79EFBC}") = "modul_1302204110", "modul_1302204110\modul_1302204110.csproj", "{496457A2-1ADF-4652-827A-B99462F7027A}"
EndProject
Global
	GlobalSection(SolutionConfigurationPlatforms) = preSolution
		Debug|Any CPU = Debug|Any CPU
		Release|Any CPU = Release|Any CPU
	EndGlobalSection
	GlobalSection(ProjectConfigurationPlatforms) = postSolution
		{496457A2-1ADF-4652-827A-B99462F7027A}.Debug|Any CPU.ActiveCfg = Debug|Any CPU
		{496457A2-1ADF-4652-827A-B99462F7027A}.Debug|Any CPU.Build.0 = Debug|Any CPU
		{496457A2-1ADF-4652-827A-B99462F7027A}.Release|Any CPU.ActiveCfg = Release|Any CPU
		{496457A2-1ADF-4652-827A-B99462F7027A}.Release|Any CPU.Build.0 = Release|Any CPU
	EndGlobalSection
	GlobalSection(SolutionProperties) = preSolution
		HideSolutionNode = FALSE
	EndGlobalSection
	GlobalSection(ExtensibilityGlobals) = postSolution
		SolutionGuid = {D8F720CA-1E9A-43F5-9515-E0CF509AEC7B}
	EndGlobalSection
EndGlobal
